
Microsoft Visual Studio Solution File, Format Version 12.00
# Visual Studio Version 16
VisualStudioVersion = 16.0.29230.47
MinimumVisualStudioVersion = 10.0.40219.1
Project("{00D1A9C2-B5F0-4AF3-8072-F6C62B433612}") = "POC", "POC.sqlproj", "{010B5E49-AFB5-49BF-B197-F8D1DA94D077}"
EndProject
Global
	GlobalSection(SolutionConfigurationPlatforms) = preSolution
		Debug|Any CPU = Debug|Any CPU
		Release|Any CPU = Release|Any CPU
	EndGlobalSection
	GlobalSection(ProjectConfigurationPlatforms) = postSolution
		{010B5E49-AFB5-49BF-B197-F8D1DA94D077}.Debug|Any CPU.ActiveCfg = Debug|Any CPU
		{010B5E49-AFB5-49BF-B197-F8D1DA94D077}.Debug|Any CPU.Build.0 = Debug|Any CPU
		{010B5E49-AFB5-49BF-B197-F8D1DA94D077}.Debug|Any CPU.Deploy.0 = Debug|Any CPU
		{010B5E49-AFB5-49BF-B197-F8D1DA94D077}.Release|Any CPU.ActiveCfg = Release|Any CPU
		{010B5E49-AFB5-49BF-B197-F8D1DA94D077}.Release|Any CPU.Build.0 = Release|Any CPU
		{010B5E49-AFB5-49BF-B197-F8D1DA94D077}.Release|Any CPU.Deploy.0 = Release|Any CPU
	EndGlobalSection
	GlobalSection(SolutionProperties) = preSolution
		HideSolutionNode = FALSE
	EndGlobalSection
	GlobalSection(ExtensibilityGlobals) = postSolution
		SolutionGuid = {3E243F4C-070D-497E-9D12-817C9B11E253}
	EndGlobalSection
EndGlobal
